
Microsoft Visual Studio Solution File, Format Version 12.00
# Visual Studio Version 17
VisualStudioVersion = 17.2.32616.157
MinimumVisualStudioVersion = 10.0.40219.1
Project("{FAE04EC0-301F-11D3-BF4B-00C04F79EFBC}") = "csGen", "csGen.csproj", "{52119313-5670-42BA-9845-46C2081193F5}"
EndProject
Global
	GlobalSection(SolutionConfigurationPlatforms) = preSolution
		Debug|Any CPU = Debug|Any CPU
		Release|Any CPU = Release|Any CPU
	EndGlobalSection
	GlobalSection(ProjectConfigurationPlatforms) = postSolution
		{52119313-5670-42BA-9845-46C2081193F5}.Debug|Any CPU.ActiveCfg = Debug|Any CPU
		{52119313-5670-42BA-9845-46C2081193F5}.Debug|Any CPU.Build.0 = Debug|Any CPU
		{52119313-5670-42BA-9845-46C2081193F5}.Release|Any CPU.ActiveCfg = Release|Any CPU
		{52119313-5670-42BA-9845-46C2081193F5}.Release|Any CPU.Build.0 = Release|Any CPU
	EndGlobalSection
	GlobalSection(SolutionProperties) = preSolution
		HideSolutionNode = FALSE
	EndGlobalSection
	GlobalSection(ExtensibilityGlobals) = postSolution
		SolutionGuid = {620A5184-B9D7-41A5-AC45-6CDD4E703305}
	EndGlobalSection
EndGlobal
